
Microsoft Visual Studio Solution File, Format Version 12.00
# Visual Studio Version 16
VisualStudioVersion = 16.0.31624.102
MinimumVisualStudioVersion = 10.0.40219.1
Project("{FAE04EC0-301F-11D3-BF4B-00C04F79EFBC}") = "Anslagstavlan", "Anslagstavlan\Anslagstavlan.csproj", "{624D8511-8750-42DA-93E9-454C9E14797C}"
EndProject
Global
	GlobalSection(SolutionConfigurationPlatforms) = preSolution
		Debug|Any CPU = Debug|Any CPU
		Release|Any CPU = Release|Any CPU
	EndGlobalSection
	GlobalSection(ProjectConfigurationPlatforms) = postSolution
		{624D8511-8750-42DA-93E9-454C9E14797C}.Debug|Any CPU.ActiveCfg = Debug|Any CPU
		{624D8511-8750-42DA-93E9-454C9E14797C}.Debug|Any CPU.Build.0 = Debug|Any CPU
		{624D8511-8750-42DA-93E9-454C9E14797C}.Release|Any CPU.ActiveCfg = Release|Any CPU
		{624D8511-8750-42DA-93E9-454C9E14797C}.Release|Any CPU.Build.0 = Release|Any CPU
	EndGlobalSection
	GlobalSection(SolutionProperties) = preSolution
		HideSolutionNode = FALSE
	EndGlobalSection
	GlobalSection(ExtensibilityGlobals) = postSolution
		SolutionGuid = {7000618C-4D75-42B7-B32A-21B6F648B2C4}
	EndGlobalSection
EndGlobal
